
Microsoft Visual Studio Solution File, Format Version 12.00
# Visual Studio Version 16
VisualStudioVersion = 16.0.30011.22
MinimumVisualStudioVersion = 10.0.40219.1
Project("{8BC9CEB8-8B4A-11D0-8D11-00A0C91BC942}") = "XSharedCockpit", "XSharedCockpit.vcxproj", "{AF1DB71C-E904-4B82-9F0B-BE222EF13470}"
EndProject
Global
	GlobalSection(SolutionConfigurationPlatforms) = preSolution
		Debug|x64 = Debug|x64
		Release|x64 = Release|x64
	EndGlobalSection
	GlobalSection(ProjectConfigurationPlatforms) = postSolution
		{AF1DB71C-E904-4B82-9F0B-BE222EF13470}.Debug|x64.ActiveCfg = Debug|x64
		{AF1DB71C-E904-4B82-9F0B-BE222EF13470}.Debug|x64.Build.0 = Debug|x64
		{AF1DB71C-E904-4B82-9F0B-BE222EF13470}.Release|x64.ActiveCfg = Release|x64
		{AF1DB71C-E904-4B82-9F0B-BE222EF13470}.Release|x64.Build.0 = Release|x64
	EndGlobalSection
	GlobalSection(SolutionProperties) = preSolution
		HideSolutionNode = FALSE
	EndGlobalSection
	GlobalSection(ExtensibilityGlobals) = postSolution
		SolutionGuid = {091F7E6B-70CD-41E5-9597-F0D4DD446D29}
	EndGlobalSection
EndGlobal
